{
  "name": "vue-mouseless",
  "version": "1.0.0",
  "lockfileVersion": 1,
  "requires": true,
  "dependencies": {
    "@types/mousetrap": {
      "version": "1.6.3",
      "resolved": "https://registry.npmjs.org/@types/mousetrap/-/mousetrap-1.6.3.tgz",
      "integrity": "sha512-13gmo3M2qVvjQrWNseqM3+cR6S2Ss3grbR2NZltgMq94wOwqJYQdgn8qzwDshzgXqMlSUtyPZjysImmktu22ew==",
      "dev": true
    },
    "mousetrap": {
      "version": "1.6.3",
      "resolved": "https://registry.npmjs.org/mousetrap/-/mousetrap-1.6.3.tgz",
      "integrity": "sha512-bd+nzwhhs9ifsUrC2tWaSgm24/oo2c83zaRyZQF06hYA6sANfsXHtnZ19AbbbDXCDzeH5nZBSQ4NvCjgD62tJA=="
    },
    "typescript": {
      "version": "3.5.2",
      "resolved": "https://registry.npmjs.org/typescript/-/typescript-3.5.2.tgz",
      "integrity": "sha512-7KxJovlYhTX5RaRbUdkAXN1KUZ8PwWlTzQdHV6xNqvuFOs7+WBo10TQUqT19Q/Jz2hk5v9TQDIhyLhhJY4p5AA==",
      "dev": true
    },
    "vue": {
      "version": "2.6.10",
      "resolved": "https://registry.npmjs.org/vue/-/vue-2.6.10.tgz",
      "integrity": "sha512-ImThpeNU9HbdZL3utgMCq0oiMzAkt1mcgy3/E6zWC/G6AaQoeuFdsl9nDhTDU3X1R6FK7nsIUuRACVcjI+A2GQ=="
    }
  }
}
